
Microsoft Visual Studio Solution File, Format Version 12.00
Project("{FAE04EC0-301F-11D3-BF4B-00C04F79EFBC}") = "universal-windows-scrobbler", "universal-windows-scrobbler\universal-windows-scrobbler.csproj", "{DDE2CEC5-92DD-4DDE-AC61-60BFF9077CB5}"
EndProject
Global
	GlobalSection(SolutionConfigurationPlatforms) = preSolution
		Debug|Any CPU = Debug|Any CPU
		Release|Any CPU = Release|Any CPU
	EndGlobalSection
	GlobalSection(ProjectConfigurationPlatforms) = postSolution
		{DDE2CEC5-92DD-4DDE-AC61-60BFF9077CB5}.Debug|Any CPU.ActiveCfg = Debug|Any CPU
		{DDE2CEC5-92DD-4DDE-AC61-60BFF9077CB5}.Debug|Any CPU.Build.0 = Debug|Any CPU
		{DDE2CEC5-92DD-4DDE-AC61-60BFF9077CB5}.Release|Any CPU.ActiveCfg = Release|Any CPU
		{DDE2CEC5-92DD-4DDE-AC61-60BFF9077CB5}.Release|Any CPU.Build.0 = Release|Any CPU
	EndGlobalSection
EndGlobal
